
Microsoft Visual Studio Solution File, Format Version 12.00
# Visual Studio Version 16
VisualStudioVersion = 16.0.28729.10
MinimumVisualStudioVersion = 10.0.40219.1
Project("{FAE04EC0-301F-11D3-BF4B-00C04F79EFBC}") = "Bookmark It", "Bookmark It.csproj", "{08FB16F9-5605-43E5-966D-E3C90D4DA9B6}"
EndProject
Project("{FAE04EC0-301F-11D3-BF4B-00C04F79EFBC}") = "BookmarkItLibrary", "..\BookmarkItLibrary\BookmarkItLibrary.csproj", "{4DA2AEDC-6402-4408-A628-7896F50DB196}"
EndProject
Project("{FAE04EC0-301F-11D3-BF4B-00C04F79EFBC}") = "UWPUtilities", "..\UWPUtilities\UWPUtilities.csproj", "{628FE5B2-5707-4B26-A5FA-A14CC908EED4}"
EndProject
Global
	GlobalSection(SolutionConfigurationPlatforms) = preSolution
		Debug|Any CPU = Debug|Any CPU
		Debug|ARM = Debug|ARM
		Debug|ARM64 = Debug|ARM64
		Debug|x64 = Debug|x64
		Debug|x86 = Debug|x86
		Release|Any CPU = Release|Any CPU
		Release|ARM = Release|ARM
		Release|ARM64 = Release|ARM64
		Release|x64 = Release|x64
		Release|x86 = Release|x86
	EndGlobalSection
	GlobalSection(ProjectConfigurationPlatforms) = postSolution
		{08FB16F9-5605-43E5-966D-E3C90D4DA9B6}.Debug|Any CPU.ActiveCfg = Debug|x86
		{08FB16F9-5605-43E5-966D-E3C90D4DA9B6}.Debug|ARM.ActiveCfg = Debug|ARM
		{08FB16F9-5605-43E5-966D-E3C90D4DA9B6}.Debug|ARM.Build.0 = Debug|ARM
		{08FB16F9-5605-43E5-966D-E3C90D4DA9B6}.Debug|ARM.Deploy.0 = Debug|ARM
		{08FB16F9-5605-43E5-966D-E3C90D4DA9B6}.Debug|ARM64.ActiveCfg = Debug|ARM64
		{08FB16F9-5605-43E5-966D-E3C90D4DA9B6}.Debug|ARM64.Build.0 = Debug|ARM64
		{08FB16F9-5605-43E5-966D-E3C90D4DA9B6}.Debug|ARM64.Deploy.0 = Debug|ARM64
		{08FB16F9-5605-43E5-966D-E3C90D4DA9B6}.Debug|x64.ActiveCfg = Debug|x64
		{08FB16F9-5605-43E5-966D-E3C90D4DA9B6}.Debug|x64.Build.0 = Debug|x64
		{08FB16F9-5605-43E5-966D-E3C90D4DA9B6}.Debug|x64.Deploy.0 = Debug|x64
		{08FB16F9-5605-43E5-966D-E3C90D4DA9B6}.Debug|x86.ActiveCfg = Debug|x86
		{08FB16F9-5605-43E5-966D-E3C90D4DA9B6}.Debug|x86.Build.0 = Debug|x86
		{08FB16F9-5605-43E5-966D-E3C90D4DA9B6}.Debug|x86.Deploy.0 = Debug|x86
		{08FB16F9-5605-43E5-966D-E3C90D4DA9B6}.Release|Any CPU.ActiveCfg = Release|x86
		{08FB16F9-5605-43E5-966D-E3C90D4DA9B6}.Release|ARM.ActiveCfg = Release|ARM
		{08FB16F9-5605-43E5-966D-E3C90D4DA9B6}.Release|ARM.Build.0 = Release|ARM
		{08FB16F9-5605-43E5-966D-E3C90D4DA9B6}.Release|ARM.Deploy.0 = Release|ARM
		{08FB16F9-5605-43E5-966D-E3C90D4DA9B6}.Release|ARM64.ActiveCfg = Release|ARM64
		{08FB16F9-5605-43E5-966D-E3C90D4DA9B6}.Release|ARM64.Build.0 = Release|ARM64
		{08FB16F9-5605-43E5-966D-E3C90D4DA9B6}.Release|ARM64.Deploy.0 = Release|ARM64
		{08FB16F9-5605-43E5-966D-E3C90D4DA9B6}.Release|x64.ActiveCfg = Release|x64
		{08FB16F9-5605-43E5-966D-E3C90D4DA9B6}.Release|x64.Build.0 = Release|x64
		{08FB16F9-5605-43E5-966D-E3C90D4DA9B6}.Release|x64.Deploy.0 = Release|x64
		{08FB16F9-5605-43E5-966D-E3C90D4DA9B6}.Release|x86.ActiveCfg = Release|x86
		{08FB16F9-5605-43E5-966D-E3C90D4DA9B6}.Release|x86.Build.0 = Release|x86
		{08FB16F9-5605-43E5-966D-E3C90D4DA9B6}.Release|x86.Deploy.0 = Release|x86
		{4DA2AEDC-6402-4408-A628-7896F50DB196}.Debug|Any CPU.ActiveCfg = Debug|Any CPU
		{4DA2AEDC-6402-4408-A628-7896F50DB196}.Debug|Any CPU.Build.0 = Debug|Any CPU
		{4DA2AEDC-6402-4408-A628-7896F50DB196}.Debug|ARM.ActiveCfg = Debug|ARM
		{4DA2AEDC-6402-4408-A628-7896F50DB196}.Debug|ARM.Build.0 = Debug|ARM
		{4DA2AEDC-6402-4408-A628-7896F50DB196}.Debug|ARM64.ActiveCfg = Debug|ARM64
		{4DA2AEDC-6402-4408-A628-7896F50DB196}.Debug|ARM64.Build.0 = Debug|ARM64
		{4DA2AEDC-6402-4408-A628-7896F50DB196}.Debug|x64.ActiveCfg = Debug|x64
		{4DA2AEDC-6402-4408-A628-7896F50DB196}.Debug|x64.Build.0 = Debug|x64
		{4DA2AEDC-6402-4408-A628-7896F50DB196}.Debug|x86.ActiveCfg = Debug|x86
		{4DA2AEDC-6402-4408-A628-7896F50DB196}.Debug|x86.Build.0 = Debug|x86
		{4DA2AEDC-6402-4408-A628-7896F50DB196}.Release|Any CPU.ActiveCfg = Release|Any CPU
		{4DA2AEDC-6402-4408-A628-7896F50DB196}.Release|Any CPU.Build.0 = Release|Any CPU
		{4DA2AEDC-6402-4408-A628-7896F50DB196}.Release|ARM.ActiveCfg = Release|ARM
		{4DA2AEDC-6402-4408-A628-7896F50DB196}.Release|ARM.Build.0 = Release|ARM
		{4DA2AEDC-6402-4408-A628-7896F50DB196}.Release|ARM64.ActiveCfg = Release|ARM64
		{4DA2AEDC-6402-4408-A628-7896F50DB196}.Release|ARM64.Build.0 = Release|ARM64
		{4DA2AEDC-6402-4408-A628-7896F50DB196}.Release|x64.ActiveCfg = Release|x64
		{4DA2AEDC-6402-4408-A628-7896F50DB196}.Release|x64.Build.0 = Release|x64
		{4DA2AEDC-6402-4408-A628-7896F50DB196}.Release|x86.ActiveCfg = Release|x86
		{4DA2AEDC-6402-4408-A628-7896F50DB196}.Release|x86.Build.0 = Release|x86
		{628FE5B2-5707-4B26-A5FA-A14CC908EED4}.Debug|Any CPU.ActiveCfg = Debug|Any CPU
		{628FE5B2-5707-4B26-A5FA-A14CC908EED4}.Debug|Any CPU.Build.0 = Debug|Any CPU
		{628FE5B2-5707-4B26-A5FA-A14CC908EED4}.Debug|ARM.ActiveCfg = Debug|ARM
		{628FE5B2-5707-4B26-A5FA-A14CC908EED4}.Debug|ARM.Build.0 = Debug|ARM
		{628FE5B2-5707-4B26-A5FA-A14CC908EED4}.Debug|ARM64.ActiveCfg = Debug|ARM64
		{628FE5B2-5707-4B26-A5FA-A14CC908EED4}.Debug|ARM64.Build.0 = Debug|ARM64
		{628FE5B2-5707-4B26-A5FA-A14CC908EED4}.Debug|x64.ActiveCfg = Debug|x64
		{628FE5B2-5707-4B26-A5FA-A14CC908EED4}.Debug|x64.Build.0 = Debug|x64
		{628FE5B2-5707-4B26-A5FA-A14CC908EED4}.Debug|x86.ActiveCfg = Debug|x86
		{628FE5B2-5707-4B26-A5FA-A14CC908EED4}.Debug|x86.Build.0 = Debug|x86
		{628FE5B2-5707-4B26-A5FA-A14CC908EED4}.Release|Any CPU.ActiveCfg = Release|Any CPU
		{628FE5B2-5707-4B26-A5FA-A14CC908EED4}.Release|Any CPU.Build.0 = Release|Any CPU
		{628FE5B2-5707-4B26-A5FA-A14CC908EED4}.Release|ARM.ActiveCfg = Release|ARM
		{628FE5B2-5707-4B26-A5FA-A14CC908EED4}.Release|ARM.Build.0 = Release|ARM
		{628FE5B2-5707-4B26-A5FA-A14CC908EED4}.Release|ARM64.ActiveCfg = Release|ARM64
		{628FE5B2-5707-4B26-A5FA-A14CC908EED4}.Release|ARM64.Build.0 = Release|ARM64
		{628FE5B2-5707-4B26-A5FA-A14CC908EED4}.Release|x64.ActiveCfg = Release|x64
		{628FE5B2-5707-4B26-A5FA-A14CC908EED4}.Release|x64.Build.0 = Release|x64
		{628FE5B2-5707-4B26-A5FA-A14CC908EED4}.Release|x86.ActiveCfg = Release|x86
		{628FE5B2-5707-4B26-A5FA-A14CC908EED4}.Release|x86.Build.0 = Release|x86
	EndGlobalSection
	GlobalSection(SolutionProperties) = preSolution
		HideSolutionNode = FALSE
	EndGlobalSection
	GlobalSection(ExtensibilityGlobals) = postSolution
		SolutionGuid = {4DF414E8-7CB1-46EA-9F8B-0F2AF4FEC403}
	EndGlobalSection
EndGlobal
